{
  "lockfileVersion": 1,
  "sources": {
    "vercel-labs/agent-skills": {
      "requestedRef": "main",
      "resolvedRef": "063bee94c3f4df8453406c830b0a7df0f2860278",
      "resolvedAt": "2026-09-27T14:53:08.216Z",
      "skills": {
        "react-best-practices": {
          "integrity": "sha256-ca7b0c0c6e5f2750043f7f0cd72d16ac4e2abc48f9b5500d047a4b77a2506212"
        }
      }
    },
    "shadcn-ui/ui": {
      "requestedRef": "main",
      "resolvedRef": "98a1fe67b439324ddc857f47fbdce056600a4329",
      "resolvedAt": "2026-09-27T14:53:13.003Z",
      "skills": {
        "shadcn": {
          "integrity": "sha256-caab8d8651fc3fcc79627553af81daf3f7627c77213abf693030ffdeb46f5ebe"
        }
      }
    },
    "vercel/ai": {
      "requestedRef": "main",
      "resolvedRef": "5d12eaa6caa193d3901cbab98a734403eb6bf622",
      "resolvedAt": "2026-09-27T14:53:18.316Z",
      "skills": {
        "use-ai-sdk": {
          "integrity": "sha256-aee5bf7ecb066b54eae76799610fa8a9be9ff1ca9a000ea92d17c14ec862938b"
        }
      }
    },
    "vercel/turborepo": {
      "requestedRef": "main",
      "resolvedRef": "1f0308d0796cd362b3158df9b9cb60207ed7eb6e",
      "resolvedAt": "2026-09-27T14:53:22.967Z",
      "skills": {
        "turborepo": {
          "integrity": "sha256-9681d8dfeb5e6cdff767f1bcaba5d7ac55732a9d6c02ee120f44229f8ec25e7e"
        }
      }
    }
  }
}
